{
  "requires": true,
  "lockfileVersion": 1,
  "dependencies": {
    "directory-tree": {
      "version": "2.2.1",
      "resolved": "https://registry.npmjs.org/directory-tree/-/directory-tree-2.2.1.tgz",
      "integrity": "sha512-AWgnCDEKC2/oSAA/0Ae3RhXnMkvOZtNAVQu7wF2/qXF5Xm8LhjWnEXLV4Yza45SmWkNPvNlo4zWPhZjcVd4T5w=="
    }
  }
}
